
Microsoft Visual Studio Solution File, Format Version 12.00
# Visual Studio Version 17
VisualStudioVersion = 17.7.34024.191
MinimumVisualStudioVersion = 10.0.40219.1
Project("{FAE04EC0-301F-11D3-BF4B-00C04F79EFBC}") = "TestWpfWithCore", "TestWpfWithCore\TestWpfWithCore.csproj", "{247D4B49-2F21-4E64-A2B1-8D2F475AAFDD}"
EndProject
Global
	GlobalSection(SolutionConfigurationPlatforms) = preSolution
		Debug|Any CPU = Debug|Any CPU
		Release|Any CPU = Release|Any CPU
	EndGlobalSection
	GlobalSection(ProjectConfigurationPlatforms) = postSolution
		{247D4B49-2F21-4E64-A2B1-8D2F475AAFDD}.Debug|Any CPU.ActiveCfg = Debug|Any CPU
		{247D4B49-2F21-4E64-A2B1-8D2F475AAFDD}.Debug|Any CPU.Build.0 = Debug|Any CPU
		{247D4B49-2F21-4E64-A2B1-8D2F475AAFDD}.Release|Any CPU.ActiveCfg = Release|Any CPU
		{247D4B49-2F21-4E64-A2B1-8D2F475AAFDD}.Release|Any CPU.Build.0 = Release|Any CPU
	EndGlobalSection
	GlobalSection(SolutionProperties) = preSolution
		HideSolutionNode = FALSE
	EndGlobalSection
	GlobalSection(ExtensibilityGlobals) = postSolution
		SolutionGuid = {89CFEA94-A03F-4AAD-9E5D-A69B52A7EE37}
	EndGlobalSection
EndGlobal
